{
  "originHash" : "3d08b78d5d44113cefa32794cd404b0a62dbde6611356bd6898761d7b44b6da5",
  "pins" : [
    {
      "identity" : "dsl",
      "kind" : "remoteSourceControl",
      "location" : "https://github.com/leviouwendijk/DSL",
      "state" : {
        "branch" : "master",
        "revision" : "30ec6798f883b91f697d060bb001e0e4f7a09225"
      }
    },
    {
      "identity" : "errors",
      "kind" : "remoteSourceControl",
      "location" : "https://github.com/leviouwendijk/Errors.git",
      "state" : {
        "branch" : "master",
        "revision" : "aa392c50c6f811056067b65fab5112104c8adc49"
      }
    },
    {
      "identity" : "macros",
      "kind" : "remoteSourceControl",
      "location" : "https://github.com/leviouwendijk/Macros.git",
      "state" : {
        "branch" : "master",
        "revision" : "de6c77724d38ac0f0edc3c4650f108e521bb67f5"
      }
    },
    {
      "identity" : "primitives",
      "kind" : "remoteSourceControl",
      "location" : "https://github.com/leviouwendijk/Primitives.git",
      "state" : {
        "branch" : "master",
        "revision" : "03f80f4df2eab71c69de01e5b0e43f786c8abaad"
      }
    },
    {
      "identity" : "schema",
      "kind" : "remoteSourceControl",
      "location" : "https://github.com/leviouwendijk/Schema.git",
      "state" : {
        "branch" : "master",
        "revision" : "703253bef3f4ae18e03bb35e68ac6db0d1bc584d"
      }
    },
    {
      "identity" : "swift-syntax",
      "kind" : "remoteSourceControl",
      "location" : "https://github.com/swiftlang/swift-syntax.git",
      "state" : {
        "revision" : "79e4b74a295b6eb74a8b585e3a39d29e70c1dbd1",
        "version" : "603.0.2"
      }
    }
  ],
  "version" : 3
}
